// !$*UTF8*$!
{
	archiveVersion = 1;
	classes = {
	};
	objectVersion = 50;
	objects = {

/* Begin PBXBuildFile section */
		5DD829D8245B66590029A71E /* AppDelegate.swift in Sources */ = {isa = PBXBuildFile; fileRef = 5DD829D7245B66590029A71E /* AppDelegate.swift */; };
		5DD829DA245B66590029A71E /* SceneDelegate.swift in Sources */ = {isa = PBXBuildFile; fileRef = 5DD829D9245B66590029A71E /* SceneDelegate.swift */; };
		5DD829DC245B66590029A71E /* ViewController.swift in Sources */ = {isa = PBXBuildFile; fileRef = 5DD829DB245B66590029A71E /* ViewController.swift */; };
		5DD829DF245B66590029A71E /* Main.storyboard in Resources */ = {isa = PBXBuildFile; fileRef = 5DD829DD245B66590029A71E /* Main.storyboard */; };
		5DD829E1245B665D0029A71E /* Assets.xcassets in Resources */ = {isa = PBXBuildFile; fileRef = 5DD829E0245B665D0029A71E /* Assets.xcassets */; };
		5DD829E4245B665D0029A71E /* LaunchScreen.storyboard in Resources */ = {isa = PBXBuildFile; fileRef = 5DD829E2245B665D0029A71E /* LaunchScreen.storyboard */; };
		5DD829EC245B66EA0029A71E /* UILabel+Styling.swift in Sources */ = {isa = PBXBuildFile; fileRef = 5DD829EB245B66EA0029A71E /* UILabel+Styling.swift */; };
		5DD829F0245F1D3C0029A71E /* UIButton+Styling.swift in Sources */ = {isa = PBXBuildFile; fileRef = 5DD829EF245F1D3C0029A71E /* UIButton+Styling.swift */; };
/* End PBXBuildFile section */

/* Begin PBXFileReference section */
		5DD829D4245B66590029A71E /* ReusableStylingDemo.app */ = {isa = PBXFileReference; explicitFileType = wrapper.application; includeInIndex = 0; path = ReusableStylingDemo.app; sourceTree = BUILT_PRODUCTS_DIR; };
		5DD829D7245B66590029A71E /* AppDelegate.swift */ = {isa = PBXFileReference; lastKnownFileType = sourcecode.swift; path = AppDelegate.swift; sourceTree = "<group>"; };
		5DD829D9245B66590029A71E /* SceneDelegate.swift */ = {isa = PBXFileReference; lastKnownFileType = sourcecode.swift; path = SceneDelegate.swift; sourceTree = "<group>"; };
		5DD829DB245B66590029A71E /* ViewController.swift */ = {isa = PBXFileReference; lastKnownFileType = sourcecode.swift; path = ViewController.swift; sourceTree = "<group>"; };
		5DD829DE245B66590029A71E /* Base */ = {isa = PBXFileReference; lastKnownFileType = file.storyboard; name = Base; path = Base.lproj/Main.storyboard; sourceTree = "<group>"; };
		5DD829E0245B665D0029A71E /* Assets.xcassets */ = {isa = PBXFileReference; lastKnownFileType = folder.assetcatalog; path = Assets.xcassets; sourceTree = "<group>"; };
		5DD829E3245B665D0029A71E /* Base */ = {isa = PBXFileReference; lastKnownFileType = file.storyboard; name = Base; path = Base.lproj/LaunchScreen.storyboard; sourceTree = "<group>"; };
		5DD829E5245B665D0029A71E /* Info.plist */ = {isa = PBXFileReference; lastKnownFileType = text.plist.xml; path = Info.plist; sourceTree = "<group>"; };
		5DD829EB245B66EA0029A71E /* UILabel+Styling.swift */ = {isa = PBXFileReference; lastKnownFileType = sourcecode.swift; path = "UILabel+Styling.swift"; sourceTree = "<group>"; };
		5DD829EF245F1D3C0029A71E /* UIButton+Styling.swift */ = {isa = PBXFileReference; lastKnownFileType = sourcecode.swift; path = "UIButton+Styling.swift"; sourceTree = "<group>"; };
/* End PBXFileReference section */

/* Begin PBXFrameworksBuildPhase section */
		5DD829D1245B66590029A71E /* Frameworks */ = {
			isa = PBXFrameworksBuildPhase;
			buildActionMask = 2147483647;
			files = (
			);
			runOnlyForDeploymentPostprocessing = 0;
		};
/* End PBXFrameworksBuildPhase section */

/* Begin PBXGroup section */
		5DD829CB245B66590029A71E = {
			isa = PBXGroup;
			children = (
				5DD829D6245B66590029A71E /* ReusableStylingDemo */,
				5DD829D5245B66590029A71E /* Products */,
			);
			sourceTree = "<group>";
		};
		5DD829D5245B66590029A71E /* Products */ = {
			isa = PBXGroup;
			children = (
				5DD829D4245B66590029A71E /* ReusableStylingDemo.app */,
			);
			name = Products;
			sourceTree = "<group>";
		};
		5DD829D6245B66590029A71E /* ReusableStylingDemo */ = {
			isa = PBXGroup;
			children = (
				5DD829D7245B66590029A71E /* AppDelegate.swift */,
				5DD829D9245B66590029A71E /* SceneDelegate.swift */,
				5DD829DB245B66590029A71E /* ViewController.swift */,
				5DD829EB245B66EA0029A71E /* UILabel+Styling.swift */,
				5DD829EF245F1D3C0029A71E /* UIButton+Styling.swift */,
				5DD829DD245B66590029A71E /* Main.storyboard */,
				5DD829E0245B665D0029A71E /* Assets.xcassets */,
				5DD829E2245B665D0029A71E /* LaunchScreen.storyboard */,
				5DD829E5245B665D0029A71E /* Info.plist */,
			);
			path = ReusableStylingDemo;
			sourceTree = "<group>";
		};
/* End PBXGroup section */

/* Begin PBXNativeTarget section */
		5DD829D3245B66590029A71E /* ReusableStylingDemo */ = {
			isa = PBXNativeTarget;
			buildConfigurationList = 5DD829E8245B665D0029A71E /* Build configuration list for PBXNativeTarget "ReusableStylingDemo" */;
			buildPhases = (
				5DD829D0245B66590029A71E /* Sources */,
				5DD829D1245B66590029A71E /* Frameworks */,
				5DD829D2245B66590029A71E /* Resources */,
			);
			buildRules = (
			);
			dependencies = (
			);
			name = ReusableStylingDemo;
			productName = ReusableStylingDemo;
			productReference = 5DD829D4245B66590029A71E /* ReusableStylingDemo.app */;
			productType = "com.apple.product-type.application";
		};
/* End PBXNativeTarget section */

/* Begin PBXProject section */
		5DD829CC245B66590029A71E /* Project object */ = {
			isa = PBXProject;
			attributes = {
				LastSwiftUpdateCheck = 1130;
				LastUpgradeCheck = 1130;
				ORGANIZATIONNAME = Hamurlabs;
				TargetAttributes = {
					5DD829D3245B66590029A71E = {
						CreatedOnToolsVersion = 11.3.1;
					};
				};
			};
			buildConfigurationList = 5DD829CF245B66590029A71E /* Build configuration list for PBXProject "ReusableStylingDemo" */;
			compatibilityVersion = "Xcode 9.3";
			developmentRegion = en;
			hasScannedForEncodings = 0;
			knownRegions = (
				en,
				Base,
			);
			mainGroup = 5DD829CB245B66590029A71E;
			productRefGroup = 5DD829D5245B66590029A71E /* Products */;
			projectDirPath = "";
			projectRoot = "";
			targets = (
				5DD829D3245B66590029A71E /* ReusableStylingDemo */,
			);
		};
/* End PBXProject section */

/* Begin PBXResourcesBuildPhase section */
		5DD829D2245B66590029A71E /* Resources */ = {
			isa = PBXResourcesBuildPhase;
			buildActionMask = 2147483647;
			files = (
				5DD829E4245B665D0029A71E /* LaunchScreen.storyboard in Resources */,
				5DD829E1245B665D0029A71E /* Assets.xcassets in Resources */,
				5DD829DF245B66590029A71E /* Main.storyboard in Resources */,
			);
			runOnlyForDeploymentPostprocessing = 0;
		};
/* End PBXResourcesBuildPhase section */

/* Begin PBXSourcesBuildPhase section */
		5DD829D0245B66590029A71E /* Sources */ = {
			isa = PBXSourcesBuildPhase;
			buildActionMask = 2147483647;
			files = (
				5DD829DC245B66590029A71E /* ViewController.swift in Sources */,
				5DD829F0245F1D3C0029A71E /* UIButton+Styling.swift in Sources */,
				5DD829D8245B66590029A71E /* AppDelegate.swift in Sources */,
				5DD829DA245B66590029A71E /* SceneDelegate.swift in Sources */,
				5DD829EC245B66EA0029A71E /* UILabel+Styling.swift in Sources */,
			);
			runOnlyForDeploymentPostprocessing = 0;
		};
/* End PBXSourcesBuildPhase section */

/* Begin PBXVariantGroup section */
		5DD829DD245B66590029A71E /* Main.storyboard */ = {
			isa = PBXVariantGroup;
			children = (
				5DD829DE245B66590029A71E /* Base */,
			);
			name = Main.storyboard;
			sourceTree = "<group>";
		};
		5DD829E2245B665D0029A71E /* LaunchScreen.storyboard */ = {
			isa = PBXVariantGroup;
			children = (
				5DD829E3245B665D0029A71E /* Base */,
			);
			name = LaunchScreen.storyboard;
			sourceTree = "<group>";
		};
/* End PBXVariantGroup section */

/* Begin XCBuildConfiguration section */
		5DD829E6245B665D0029A71E /* Debug */ = {
			isa = XCBuildConfiguration;
			buildSettings = {
				ALWAYS_SEARCH_USER_PATHS = NO;
				CLANG_ANALYZER_NONNULL = YES;
				CLANG_ANALYZER_NUMBER_OBJECT_CONVERSION = YES_AGGRESSIVE;
				CLANG_CXX_LANGUAGE_STANDARD = "gnu++14";
				CLANG_CXX_LIBRARY = "libc++";
				CLANG_ENABLE_MODULES = YES;
				CLANG_ENABLE_OBJC_ARC = YES;
				CLANG_ENABLE_OBJC_WEAK = YES;
				CLANG_WARN_BLOCK_CAPTURE_AUTORELEASING = YES;
				CLANG_WARN_BOOL_CONVERSION = YES;
				CLANG_WARN_COMMA = YES;
				CLANG_WARN_CONSTANT_CONVERSION = YES;
				CLANG_WARN_DEPRECATED_OBJC_IMPLEMENTATIONS = YES;
				CLANG_WARN_DIRECT_OBJC_ISA_USAGE = YES_ERROR;
				CLANG_WARN_DOCUMENTATION_COMMENTS = YES;
				CLANG_WARN_EMPTY_BODY = YES;
				CLANG_WARN_ENUM_CONVERSION = YES;
				CLANG_WARN_INFINITE_RECURSION = YES;
				CLANG_WARN_INT_CONVERSION = YES;
				CLANG_WARN_NON_LITERAL_NULL_CONVERSION = YES;
				CLANG_WARN_OBJC_IMPLICIT_RETAIN_SELF = YES;
				CLANG_WARN_OBJC_LITERAL_CONVERSION = YES;
				CLANG_WARN_OBJC_ROOT_CLASS = YES_ERROR;
				CLANG_WARN_RANGE_LOOP_ANALYSIS = YES;
				CLANG_WARN_STRICT_PROTOTYPES = YES;
				CLANG_WARN_SUSPICIOUS_MOVE = YES;
				CLANG_WARN_UNGUARDED_AVAILABILITY = YES_AGGRESSIVE;
				CLANG_WARN_UNREACHABLE_CODE = YES;
				CLANG_WARN__DUPLICATE_METHOD_MATCH = YES;
				COPY_PHASE_STRIP = NO;
				DEBUG_INFORMATION_FORMAT = dwarf;
				ENABLE_STRICT_OBJC_MSGSEND = YES;
				ENABLE_TESTABILITY = YES;
				GCC_C_LANGUAGE_STANDARD = gnu11;
				GCC_DYNAMIC_NO_PIC = NO;
				GCC_NO_COMMON_BLOCKS = YES;
				GCC_OPTIMIZATION_LEVEL = 0;
				GCC_PREPROCESSOR_DEFINITIONS = (
					"DEBUG=1",
					"$(inherited)",
				);
				GCC_WARN_64_TO_32_BIT_CONVERSION = YES;
				GCC_WARN_ABOUT_RETURN_TYPE = YES_ERROR;
				GCC_WARN_UNDECLARED_SELECTOR = YES;
				GCC_WARN_UNINITIALIZED_AUTOS = YES_AGGRESSIVE;
				GCC_WARN_UNUSED_FUNCTION = YES;
				GCC_WARN_UNUSED_VARIABLE = YES;
				IPHONEOS_DEPLOYMENT_TARGET = 13.2;
				MTL_ENABLE_DEBUG_INFO = INCLUDE_SOURCE;
				MTL_FAST_MATH = YES;
				ONLY_ACTIVE_ARCH = YES;
				SDKROOT = iphoneos;
				SWIFT_ACTIVE_COMPILATION_CONDITIONS = DEBUG;
				SWIFT_OPTIMIZATION_LEVEL = "-Onone";
			};
			name = Debug;
		};
		5DD829E7245B665D0029A71E /* Release */ = {
			isa = XCBuildConfiguration;
			buildSettings = {
				ALWAYS_SEARCH_USER_PATHS = NO;
				CLANG_ANALYZER_NONNULL = YES;
				CLANG_ANALYZER_NUMBER_OBJECT_CONVERSION = YES_AGGRESSIVE;
				CLANG_CXX_LANGUAGE_STANDARD = "gnu++14";
				CLANG_CXX_LIBRARY = "libc++";
				CLANG_ENABLE_MODULES = YES;
				CLANG_ENABLE_OBJC_ARC = YES;
				CLANG_ENABLE_OBJC_WEAK = YES;
				CLANG_WARN_BLOCK_CAPTURE_AUTORELEASING = YES;
				CLANG_WARN_BOOL_CONVERSION = YES;
				CLANG_WARN_COMMA = YES;
				CLANG_WARN_CONSTANT_CONVERSION = YES;
				CLANG_WARN_DEPRECATED_OBJC_IMPLEMENTATIONS = YES;
				CLANG_WARN_DIRECT_OBJC_ISA_USAGE = YES_ERROR;
				CLANG_WARN_DOCUMENTATION_COMMENTS = YES;
				CLANG_WARN_EMPTY_BODY = YES;
				CLANG_WARN_ENUM_CONVERSION = YES;
				CLANG_WARN_INFINITE_RECURSION = YES;
				CLANG_WARN_INT_CONVERSION = YES;
				CLANG_WARN_NON_LITERAL_NULL_CONVERSION = YES;
				CLANG_WARN_OBJC_IMPLICIT_RETAIN_SELF = YES;
				CLANG_WARN_OBJC_LITERAL_CONVERSION = YES;
				CLANG_WARN_OBJC_ROOT_CLASS = YES_ERROR;
				CLANG_WARN_RANGE_LOOP_ANALYSIS = YES;
				CLANG_WARN_STRICT_PROTOTYPES = YES;
				CLANG_WARN_SUSPICIOUS_MOVE = YES;
				CLANG_WARN_UNGUARDED_AVAILABILITY = YES_AGGRESSIVE;
				CLANG_WARN_UNREACHABLE_CODE = YES;
				CLANG_WARN__DUPLICATE_METHOD_MATCH = YES;
				COPY_PHASE_STRIP = NO;
				DEBUG_INFORMATION_FORMAT = "dwarf-with-dsym";
				ENABLE_NS_ASSERTIONS = NO;
				ENABLE_STRICT_OBJC_MSGSEND = YES;
				GCC_C_LANGUAGE_STANDARD = gnu11;
				GCC_NO_COMMON_BLOCKS = YES;
				GCC_WARN_64_TO_32_BIT_CONVERSION = YES;
				GCC_WARN_ABOUT_RETURN_TYPE = YES_ERROR;
				GCC_WARN_UNDECLARED_SELECTOR = YES;
				GCC_WARN_UNINITIALIZED_AUTOS = YES_AGGRESSIVE;
				GCC_WARN_UNUSED_FUNCTION = YES;
				GCC_WARN_UNUSED_VARIABLE = YES;
				IPHONEOS_DEPLOYMENT_TARGET = 13.2;
				MTL_ENABLE_DEBUG_INFO = NO;
				MTL_FAST_MATH = YES;
				SDKROOT = iphoneos;
				SWIFT_COMPILATION_MODE = wholemodule;
				SWIFT_OPTIMIZATION_LEVEL = "-O";
				VALIDATE_PRODUCT = YES;
			};
			name = Release;
		};
		5DD829E9245B665D0029A71E /* Debug */ = {
			isa = XCBuildConfiguration;
			buildSettings = {
				ASSETCATALOG_COMPILER_APPICON_NAME = AppIcon;
				CODE_SIGN_STYLE = Automatic;
				DEVELOPMENT_TEAM = 4AYSN24S6A;
				INFOPLIST_FILE = ReusableStylingDemo/Info.plist;
				LD_RUNPATH_SEARCH_PATHS = (
					"$(inherited)",
					"@executable_path/Frameworks",
				);
				PRODUCT_BUNDLE_IDENTIFIER = com.hamurlabs.ReusableStylingDemo;
				PRODUCT_NAME = "$(TARGET_NAME)";
				SWIFT_VERSION = 5.0;
				TARGETED_DEVICE_FAMILY = "1,2";
			};
			name = Debug;
		};
		5DD829EA245B665D0029A71E /* Release */ = {
			isa = XCBuildConfiguration;
			buildSettings = {
				ASSETCATALOG_COMPILER_APPICON_NAME = AppIcon;
				CODE_SIGN_STYLE = Automatic;
				DEVELOPMENT_TEAM = 4AYSN24S6A;
				INFOPLIST_FILE = ReusableStylingDemo/Info.plist;
				LD_RUNPATH_SEARCH_PATHS = (
					"$(inherited)",
					"@executable_path/Frameworks",
				);
				PRODUCT_BUNDLE_IDENTIFIER = com.hamurlabs.ReusableStylingDemo;
				PRODUCT_NAME = "$(TARGET_NAME)";
				SWIFT_VERSION = 5.0;
				TARGETED_DEVICE_FAMILY = "1,2";
			};
			name = Release;
		};
/* End XCBuildConfiguration section */

/* Begin XCConfigurationList section */
		5DD829CF245B66590029A71E /* Build configuration list for PBXProject "ReusableStylingDemo" */ = {
			isa = XCConfigurationList;
			buildConfigurations = (
				5DD829E6245B665D0029A71E /* Debug */,
				5DD829E7245B665D0029A71E /* Release */,
			);
			defaultConfigurationIsVisible = 0;
			defaultConfigurationName = Release;
		};
		5DD829E8245B665D0029A71E /* Build configuration list for PBXNativeTarget "ReusableStylingDemo" */ = {
			isa = XCConfigurationList;
			buildConfigurations = (
				5DD829E9245B665D0029A71E /* Debug */,
				5DD829EA245B665D0029A71E /* Release */,
			);
			defaultConfigurationIsVisible = 0;
			defaultConfigurationName = Release;
		};
/* End XCConfigurationList section */
	};
	rootObject = 5DD829CC245B66590029A71E /* Project object */;
}
